<?xml version="1.0" encoding="utf-8"?>
<Project ToolsVersion="4.0" xmlns="http://schemas.microsoft.com/developer/msbuild/2003">
  <ItemGroup>
    <Filter Include="Source Files">
      <UniqueIdentifier>{4FC737F1-C7A5-4376-A066-2A32D752A2FF}</UniqueIdentifier>
      <Extensions>cpp;c;cc;cxx;def;odl;idl;hpj;bat;asm;asmx</Extensions>
    </Filter>
    <Filter Include="Header Files">
      <UniqueIdentifier>{93995380-89BD-4b04-88EB-625FBE52EBFB}</UniqueIdentifier>
      <Extensions>h;hh;hpp;hxx;hm;inl;inc;xsd</Extensions>
    </Filter>
    <Filter Include="Resource Files">
      <UniqueIdentifier>{67DA6AB6-F800-4c08-8B7A-83BB121AAD01}</UniqueIdentifier>
      <Extensions>rc;ico;cur;bmp;dlg;rc2;rct;bin;rgs;gif;jpg;jpeg;jpe;resx;tiff;tif;png;wav;mfcribbon-ms</Extensions>
    </Filter>
    <Filter Include="Header Files\Utils">
      <UniqueIdentifier>{54928151-d629-45ee-9fb5-c71d5a1c0e41}</UniqueIdentifier>
    </Filter>
    <Filter Include="Source Files\Utils">
      <UniqueIdentifier>{e896466d-c442-4725-849f-f5d939da70d0}</UniqueIdentifier>
    </Filter>
    <Filter Include="Header Files\TRASH">
      <UniqueIdentifier>{299c0e0e-ea43-42c9-b026-7772d99d96b4}</UniqueIdentifier>
    </Filter>
    <Filter Include="Header Files\Collision">
      <UniqueIdentifier>{ac0b56b6-5a2c-478a-9a11-fc0be308b71c}</UniqueIdentifier>
    </Filter>
    <Filter Include="Source Files\Collision">
      <UniqueIdentifier>{1dabcd97-b5b0-4b77-9d49-e6395e2a2b32}</UniqueIdentifier>
    </Filter>
    <Filter Include="Header Files\Components">
      <UniqueIdentifier>{c52bbffc-bf88-45ae-9bbe-cbc11af25cf2}</UniqueIdentifier>
    </Filter>
    <Filter Include="Source Files\Components">
      <UniqueIdentifier>{8b9de36f-4485-4b13-a7d5-26408263b306}</UniqueIdentifier>
    </Filter>
    <Filter Include="Header Files\Components\Colliders">
      <UniqueIdentifier>{bd00c172-b983-4113-8552-a04417ab8a07}</UniqueIdentifier>
    </Filter>
    <Filter Include="Source Files\Components\Colliders">
      <UniqueIdentifier>{9db3c356-0f69-4f17-a346-138ea0d7dca6}</UniqueIdentifier>
    </Filter>
  </ItemGroup>
  <ItemGroup>
    <ClInclude Include="World.h">
      <Filter>Header Files</Filter>
    </ClInclude>
    <ClInclude Include="Matrici.h">
      <Filter>Header Files\TRASH</Filter>
    </ClInclude>
    <ClInclude Include="Utilities\Vector4.h">
      <Filter>Header Files\Utils</Filter>
    </ClInclude>
    <ClInclude Include="Utilities\Matrix4x4.h">
      <Filter>Header Files\Utils</Filter>
    </ClInclude>
    <ClInclude Include="Utilities\Utilities.h">
      <Filter>Header Files\Utils</Filter>
    </ClInclude>
    <ClInclude Include="Utilities\Vector3.h">
      <Filter>Header Files\Utils</Filter>
    </ClInclude>
    <ClInclude Include="Colliders\Collider.h">
      <Filter>Header Files\Components\Colliders</Filter>
    </ClInclude>
    <ClInclude Include="Utilities\Quaternion.h">
      <Filter>Header Files\Utils</Filter>
    </ClInclude>
    <ClInclude Include="Colliders\SphereCollider.h">
      <Filter>Header Files\Components\Colliders</Filter>
    </ClInclude>
    <ClInclude Include="Colliders\BoxCollider.h">
      <Filter>Header Files\Components\Colliders</Filter>
    </ClInclude>
    <ClInclude Include="Colliders\PlaneCollider.h">
      <Filter>Header Files\Components\Colliders</Filter>
    </ClInclude>
    <ClInclude Include="Utilities\ColliderUtil.h">
      <Filter>Header Files\Utils</Filter>
    </ClInclude>
    <ClInclude Include="Collision\Collision.h">
      <Filter>Header Files\Collision</Filter>
    </ClInclude>
    <ClInclude Include="Collision\CollisionAlgorithms.h">
      <Filter>Header Files\Collision</Filter>
    </ClInclude>
    <ClInclude Include="Collision\CollisionHandler.h">
      <Filter>Header Files\Collision</Filter>
    </ClInclude>
    <ClInclude Include="Utilities\Dispatcher.h">
      <Filter>Header Files\Utils</Filter>
    </ClInclude>
    <ClInclude Include="Utilities\TypeList.h">
      <Filter>Header Files\Utils</Filter>
    </ClInclude>
    <ClInclude Include="Madness.h">
      <Filter>Header Files\Utils</Filter>
    </ClInclude>
    <ClInclude Include="GameObject.h">
      <Filter>Header Files\Components</Filter>
    </ClInclude>
    <ClInclude Include="Component.h">
      <Filter>Header Files\Components</Filter>
    </ClInclude>
    <ClInclude Include="ComponentList.h">
      <Filter>Header Files\Components</Filter>
    </ClInclude>
    <ClInclude Include="RigidBody.h">
      <Filter>Header Files\Components</Filter>
    </ClInclude>
    <ClInclude Include="Transform.h">
      <Filter>Header Files\Components</Filter>
    </ClInclude>
    <ClInclude Include="Singleton.h">
      <Filter>Header Files\Utils</Filter>
    </ClInclude>
    <ClInclude Include="Constants.h">
      <Filter>Header Files\Utils</Filter>
    </ClInclude>
  </ItemGroup>
  <ItemGroup>
    <ClCompile Include="main.cpp">
      <Filter>Source Files</Filter>
    </ClCompile>
    <ClCompile Include="World.cpp">
      <Filter>Source Files</Filter>
    </ClCompile>
    <ClCompile Include="Utilities\Vector4.cpp">
      <Filter>Source Files\Utils</Filter>
    </ClCompile>
    <ClCompile Include="Utilities\Matrix4x4.cpp">
      <Filter>Source Files\Utils</Filter>
    </ClCompile>
    <ClCompile Include="Utilities\Vector3.cpp">
      <Filter>Source Files\Utils</Filter>
    </ClCompile>
    <ClCompile Include="Utilities\Quaternion.cpp">
      <Filter>Source Files\Utils</Filter>
    </ClCompile>
    <ClCompile Include="Colliders\SphereCollider.cpp">
      <Filter>Source Files\Components\Colliders</Filter>
    </ClCompile>
    <ClCompile Include="Colliders\BoxCollider.cpp">
      <Filter>Source Files\Components\Colliders</Filter>
    </ClCompile>
    <ClCompile Include="Colliders\PlaneCollider.cpp">
      <Filter>Source Files\Components\Colliders</Filter>
    </ClCompile>
    <ClCompile Include="Colliders\Collider.cpp">
      <Filter>Source Files\Components\Colliders</Filter>
    </ClCompile>
    <ClCompile Include="Collision\Collision.cpp">
      <Filter>Source Files\Collision</Filter>
    </ClCompile>
    <ClCompile Include="GameObject.cpp">
      <Filter>Source Files\Components</Filter>
    </ClCompile>
    <ClCompile Include="RigidBody.cpp">
      <Filter>Source Files\Components</Filter>
    </ClCompile>
    <ClCompile Include="Transform.cpp">
      <Filter>Source Files\Components</Filter>
    </ClCompile>
  </ItemGroup>
</Project>